# THIS IS AN AUTOGENERATED FILE. DO NOT EDIT THIS FILE DIRECTLY.
# yarn lockfile v1


http-pro@0.2.0:
  version "0.2.0"
  resolved "https://registry.yarnpkg.com/http-pro/-/http-pro-0.2.0.tgz#758e7df81e72a033330b2717c0d7ad9d0b4ff849"
  integrity sha512-p3/gM6hMC4vBq6PKoo77WndRkZiK4mGVHyNcRRQK8YNltrxaQxVDWdZN0jBwKe+OiBdskydZsBNkJka4rLxCCg==
